// !$*UTF8*$!
{
	archiveVersion = 1;
	classes = {
	};
	objectVersion = 55;
	objects = {

/* Begin PBXBuildFile section */
		611AE123AF8736A1A5E10A3C /* WeatherModel.swift in Sources */ = {isa = PBXBuildFile; fileRef = 611AE7544C8479DE5575D960 /* WeatherModel.swift */; };
		611AE17D9D476B19CF54076E /* WeatherService.swift in Sources */ = {isa = PBXBuildFile; fileRef = 611AE2F7A3034F0FBFA80FF2 /* WeatherService.swift */; };
		611AE18CB9D9A92B76C71CA2 /* OpenWeather-Info-Sample.plist in Resources */ = {isa = PBXBuildFile; fileRef = 611AE765CDE82EAC0575CB13 /* OpenWeather-Info-Sample.plist */; };
		611AE1B80450E8377C214B4D /* HTTPMethod.swift in Sources */ = {isa = PBXBuildFile; fileRef = 611AED00AE57FD9C6D6F9A6C /* HTTPMethod.swift */; };
		611AE4D99A79918C9B89E085 /* Request.swift in Sources */ = {isa = PBXBuildFile; fileRef = 611AE0351AB20B4CB45D100F /* Request.swift */; };
		611AE62479953C82763E09A3 /* WeatherData.swift in Sources */ = {isa = PBXBuildFile; fileRef = 611AEF585E1C8F10C58DC6C9 /* WeatherData.swift */; };
		611AE8F2EE88D4B6B5F4BDA5 /* GetForecastForLocation.swift in Sources */ = {isa = PBXBuildFile; fileRef = 611AEDBFC15A76E0508C1438 /* GetForecastForLocation.swift */; };
		611AE8F3473CAC4B51D76B61 /* OpenWeather-Info.plist in Resources */ = {isa = PBXBuildFile; fileRef = 611AE7239D2346C75F66CF55 /* OpenWeather-Info.plist */; };
		611AEA069D8BCA7786F5614D /* APIClient.swift in Sources */ = {isa = PBXBuildFile; fileRef = 611AEF09F8A0C2DD4FC1B8BD /* APIClient.swift */; };
		611AEAEB5F3FE7BCB8C6B91E /* APIRequest.swift in Sources */ = {isa = PBXBuildFile; fileRef = 611AEFAF40277F344C943415 /* APIRequest.swift */; };
		E838AF3727465F8E003D6C76 /* UITextField+Extensions.swift in Sources */ = {isa = PBXBuildFile; fileRef = E838AF3627465F8E003D6C76 /* UITextField+Extensions.swift */; };
		E838AF3927466229003D6C76 /* Constants.swift in Sources */ = {isa = PBXBuildFile; fileRef = E838AF3827466229003D6C76 /* Constants.swift */; };
		E85B4B092746C75100531B85 /* GetForecastForCity.swift in Sources */ = {isa = PBXBuildFile; fileRef = E85B4B082746C75100531B85 /* GetForecastForCity.swift */; };
		E8790E3D2746468E00490180 /* AppDelegate.swift in Sources */ = {isa = PBXBuildFile; fileRef = E8790E3C2746468E00490180 /* AppDelegate.swift */; };
		E8790E3F2746468E00490180 /* SceneDelegate.swift in Sources */ = {isa = PBXBuildFile; fileRef = E8790E3E2746468E00490180 /* SceneDelegate.swift */; };
		E8790E412746468E00490180 /* WeatherViewController.swift in Sources */ = {isa = PBXBuildFile; fileRef = E8790E402746468E00490180 /* WeatherViewController.swift */; };
		E8790E442746468E00490180 /* Main.storyboard in Resources */ = {isa = PBXBuildFile; fileRef = E8790E422746468E00490180 /* Main.storyboard */; };
		E8790E462746468F00490180 /* Assets.xcassets in Resources */ = {isa = PBXBuildFile; fileRef = E8790E452746468F00490180 /* Assets.xcassets */; };
		E8790E492746468F00490180 /* LaunchScreen.storyboard in Resources */ = {isa = PBXBuildFile; fileRef = E8790E472746468F00490180 /* LaunchScreen.storyboard */; };
		E8790E522746487A00490180 /* .gitignore in Resources */ = {isa = PBXBuildFile; fileRef = E8790E512746487A00490180 /* .gitignore */; };
		E8790E5427464A1400490180 /* CitySelectViewController.swift in Sources */ = {isa = PBXBuildFile; fileRef = E8790E5327464A1400490180 /* CitySelectViewController.swift */; };
/* End PBXBuildFile section */

/* Begin PBXFileReference section */
		611AE0351AB20B4CB45D100F /* Request.swift */ = {isa = PBXFileReference; fileEncoding = 4; lastKnownFileType = sourcecode.swift; path = Request.swift; sourceTree = "<group>"; };
		611AE2F7A3034F0FBFA80FF2 /* WeatherService.swift */ = {isa = PBXFileReference; fileEncoding = 4; lastKnownFileType = sourcecode.swift; path = WeatherService.swift; sourceTree = "<group>"; };
		611AE7239D2346C75F66CF55 /* OpenWeather-Info.plist */ = {isa = PBXFileReference; fileEncoding = 4; lastKnownFileType = text.plist.info; path = "OpenWeather-Info.plist"; sourceTree = "<group>"; };
		611AE7544C8479DE5575D960 /* WeatherModel.swift */ = {isa = PBXFileReference; fileEncoding = 4; lastKnownFileType = sourcecode.swift; path = WeatherModel.swift; sourceTree = "<group>"; };
		611AE765CDE82EAC0575CB13 /* OpenWeather-Info-Sample.plist */ = {isa = PBXFileReference; fileEncoding = 4; lastKnownFileType = text.plist; path = "OpenWeather-Info-Sample.plist"; sourceTree = "<group>"; };
		611AECFF3FFA871394A31A4F /* Info.plist */ = {isa = PBXFileReference; fileEncoding = 4; lastKnownFileType = text.plist.info; path = Info.plist; sourceTree = "<group>"; };
		611AED00AE57FD9C6D6F9A6C /* HTTPMethod.swift */ = {isa = PBXFileReference; fileEncoding = 4; lastKnownFileType = sourcecode.swift; path = HTTPMethod.swift; sourceTree = "<group>"; };
		611AEDBFC15A76E0508C1438 /* GetForecastForLocation.swift */ = {isa = PBXFileReference; fileEncoding = 4; lastKnownFileType = sourcecode.swift; path = GetForecastForLocation.swift; sourceTree = "<group>"; };
		611AEF09F8A0C2DD4FC1B8BD /* APIClient.swift */ = {isa = PBXFileReference; fileEncoding = 4; lastKnownFileType = sourcecode.swift; path = APIClient.swift; sourceTree = "<group>"; };
		611AEF585E1C8F10C58DC6C9 /* WeatherData.swift */ = {isa = PBXFileReference; fileEncoding = 4; lastKnownFileType = sourcecode.swift; path = WeatherData.swift; sourceTree = "<group>"; };
		611AEFAF40277F344C943415 /* APIRequest.swift */ = {isa = PBXFileReference; fileEncoding = 4; lastKnownFileType = sourcecode.swift; path = APIRequest.swift; sourceTree = "<group>"; };
		E838AF3627465F8E003D6C76 /* UITextField+Extensions.swift */ = {isa = PBXFileReference; lastKnownFileType = sourcecode.swift; path = "UITextField+Extensions.swift"; sourceTree = "<group>"; };
		E838AF3827466229003D6C76 /* Constants.swift */ = {isa = PBXFileReference; lastKnownFileType = sourcecode.swift; path = Constants.swift; sourceTree = "<group>"; };
		E85B4B082746C75100531B85 /* GetForecastForCity.swift */ = {isa = PBXFileReference; lastKnownFileType = sourcecode.swift; path = GetForecastForCity.swift; sourceTree = "<group>"; };
		E8790E392746468E00490180 /* MinimalWeather.app */ = {isa = PBXFileReference; explicitFileType = wrapper.application; includeInIndex = 0; path = MinimalWeather.app; sourceTree = BUILT_PRODUCTS_DIR; };
		E8790E3C2746468E00490180 /* AppDelegate.swift */ = {isa = PBXFileReference; lastKnownFileType = sourcecode.swift; path = AppDelegate.swift; sourceTree = "<group>"; };
		E8790E3E2746468E00490180 /* SceneDelegate.swift */ = {isa = PBXFileReference; lastKnownFileType = sourcecode.swift; path = SceneDelegate.swift; sourceTree = "<group>"; };
		E8790E402746468E00490180 /* WeatherViewController.swift */ = {isa = PBXFileReference; lastKnownFileType = sourcecode.swift; path = WeatherViewController.swift; sourceTree = "<group>"; };
		E8790E432746468E00490180 /* Base */ = {isa = PBXFileReference; lastKnownFileType = file.storyboard; name = Base; path = Base.lproj/Main.storyboard; sourceTree = "<group>"; };
		E8790E452746468F00490180 /* Assets.xcassets */ = {isa = PBXFileReference; lastKnownFileType = folder.assetcatalog; path = Assets.xcassets; sourceTree = "<group>"; };
		E8790E482746468F00490180 /* Base */ = {isa = PBXFileReference; lastKnownFileType = file.storyboard; name = Base; path = Base.lproj/LaunchScreen.storyboard; sourceTree = "<group>"; };
		E8790E512746487A00490180 /* .gitignore */ = {isa = PBXFileReference; lastKnownFileType = text; path = .gitignore; sourceTree = "<group>"; };
		E8790E5327464A1400490180 /* CitySelectViewController.swift */ = {isa = PBXFileReference; lastKnownFileType = sourcecode.swift; path = CitySelectViewController.swift; sourceTree = "<group>"; };
/* End PBXFileReference section */

/* Begin PBXFrameworksBuildPhase section */
		E8790E362746468E00490180 /* Frameworks */ = {
			isa = PBXFrameworksBuildPhase;
			buildActionMask = 2147483647;
			files = (
			);
			runOnlyForDeploymentPostprocessing = 0;
		};
/* End PBXFrameworksBuildPhase section */

/* Begin PBXGroup section */
		611AE0C5EC56F9CE92DBDA00 /* NetworkLayer */ = {
			isa = PBXGroup;
			children = (
				611AEFAF40277F344C943415 /* APIRequest.swift */,
				611AED00AE57FD9C6D6F9A6C /* HTTPMethod.swift */,
				611AEF09F8A0C2DD4FC1B8BD /* APIClient.swift */,
				611AEDA120E81031C552F894 /* API */,
				611AE0351AB20B4CB45D100F /* Request.swift */,
			);
			path = NetworkLayer;
			sourceTree = "<group>";
		};
		611AEC9230FAD94E675BF6C4 /* Services */ = {
			isa = PBXGroup;
			children = (
				611AE2F7A3034F0FBFA80FF2 /* WeatherService.swift */,
			);
			path = Services;
			sourceTree = "<group>";
		};
		611AEDA120E81031C552F894 /* API */ = {
			isa = PBXGroup;
			children = (
				E85B4B082746C75100531B85 /* GetForecastForCity.swift */,
				611AEDBFC15A76E0508C1438 /* GetForecastForLocation.swift */,
			);
			path = API;
			sourceTree = "<group>";
		};
		611AEDC02B88A7C703D2ACDF /* Models */ = {
			isa = PBXGroup;
			children = (
				611AEF585E1C8F10C58DC6C9 /* WeatherData.swift */,
				611AE7544C8479DE5575D960 /* WeatherModel.swift */,
			);
			path = Models;
			sourceTree = "<group>";
		};
		E80853EC27464C7600A934C8 /* Views */ = {
			isa = PBXGroup;
			children = (
				E8790E422746468E00490180 /* Main.storyboard */,
			);
			path = Views;
			sourceTree = "<group>";
		};
		E838AF3527465F17003D6C76 /* Extensions */ = {
			isa = PBXGroup;
			children = (
				E838AF3627465F8E003D6C76 /* UITextField+Extensions.swift */,
			);
			path = Extensions;
			sourceTree = "<group>";
		};
		E8790E302746468E00490180 = {
			isa = PBXGroup;
			children = (
				E8790E3B2746468E00490180 /* Source */,
				E8790E512746487A00490180 /* .gitignore */,
				E8790E3A2746468E00490180 /* Products */,
			);
			sourceTree = "<group>";
		};
		E8790E3A2746468E00490180 /* Products */ = {
			isa = PBXGroup;
			children = (
				E8790E392746468E00490180 /* MinimalWeather.app */,
			);
			name = Products;
			sourceTree = "<group>";
		};
		E8790E3B2746468E00490180 /* Source */ = {
			isa = PBXGroup;
			children = (
				E8790E3C2746468E00490180 /* AppDelegate.swift */,
				E8790E3E2746468E00490180 /* SceneDelegate.swift */,
				611AEDC02B88A7C703D2ACDF /* Models */,
				E80853EC27464C7600A934C8 /* Views */,
				E8790E5527464A1B00490180 /* Controllers */,
				611AEC9230FAD94E675BF6C4 /* Services */,
				611AE0C5EC56F9CE92DBDA00 /* NetworkLayer */,
				E838AF3527465F17003D6C76 /* Extensions */,
				E838AF3827466229003D6C76 /* Constants.swift */,
				E8790E452746468F00490180 /* Assets.xcassets */,
				E8790E472746468F00490180 /* LaunchScreen.storyboard */,
				611AE765CDE82EAC0575CB13 /* OpenWeather-Info-Sample.plist */,
				611AE7239D2346C75F66CF55 /* OpenWeather-Info.plist */,
				611AECFF3FFA871394A31A4F /* Info.plist */,
			);
			path = Source;
			sourceTree = "<group>";
		};
		E8790E5527464A1B00490180 /* Controllers */ = {
			isa = PBXGroup;
			children = (
				E8790E402746468E00490180 /* WeatherViewController.swift */,
				E8790E5327464A1400490180 /* CitySelectViewController.swift */,
			);
			path = Controllers;
			sourceTree = "<group>";
		};
/* End PBXGroup section */

/* Begin PBXNativeTarget section */
		E8790E382746468E00490180 /* MinimalWeather */ = {
			isa = PBXNativeTarget;
			buildConfigurationList = E8790E4D2746468F00490180 /* Build configuration list for PBXNativeTarget "MinimalWeather" */;
			buildPhases = (
				E8790E352746468E00490180 /* Sources */,
				E8790E362746468E00490180 /* Frameworks */,
				E8790E372746468E00490180 /* Resources */,
			);
			buildRules = (
			);
			dependencies = (
			);
			name = MinimalWeather;
			productName = MinimalWeather;
			productReference = E8790E392746468E00490180 /* MinimalWeather.app */;
			productType = "com.apple.product-type.application";
		};
/* End PBXNativeTarget section */

/* Begin PBXProject section */
		E8790E312746468E00490180 /* Project object */ = {
			isa = PBXProject;
			attributes = {
				BuildIndependentTargetsInParallel = 1;
				LastSwiftUpdateCheck = 1310;
				LastUpgradeCheck = 1310;
				TargetAttributes = {
					E8790E382746468E00490180 = {
						CreatedOnToolsVersion = 13.1;
					};
				};
			};
			buildConfigurationList = E8790E342746468E00490180 /* Build configuration list for PBXProject "MinimalWeather" */;
			compatibilityVersion = "Xcode 13.0";
			developmentRegion = en;
			hasScannedForEncodings = 0;
			knownRegions = (
				en,
				Base,
			);
			mainGroup = E8790E302746468E00490180;
			productRefGroup = E8790E3A2746468E00490180 /* Products */;
			projectDirPath = "";
			projectRoot = "";
			targets = (
				E8790E382746468E00490180 /* MinimalWeather */,
			);
		};
/* End PBXProject section */

/* Begin PBXResourcesBuildPhase section */
		E8790E372746468E00490180 /* Resources */ = {
			isa = PBXResourcesBuildPhase;
			buildActionMask = 2147483647;
			files = (
				E8790E522746487A00490180 /* .gitignore in Resources */,
				E8790E492746468F00490180 /* LaunchScreen.storyboard in Resources */,
				E8790E462746468F00490180 /* Assets.xcassets in Resources */,
				E8790E442746468E00490180 /* Main.storyboard in Resources */,
				611AE18CB9D9A92B76C71CA2 /* OpenWeather-Info-Sample.plist in Resources */,
				611AE8F3473CAC4B51D76B61 /* OpenWeather-Info.plist in Resources */,
			);
			runOnlyForDeploymentPostprocessing = 0;
		};
/* End PBXResourcesBuildPhase section */

/* Begin PBXSourcesBuildPhase section */
		E8790E352746468E00490180 /* Sources */ = {
			isa = PBXSourcesBuildPhase;
			buildActionMask = 2147483647;
			files = (
				E8790E412746468E00490180 /* WeatherViewController.swift in Sources */,
				E8790E5427464A1400490180 /* CitySelectViewController.swift in Sources */,
				E8790E3D2746468E00490180 /* AppDelegate.swift in Sources */,
				E85B4B092746C75100531B85 /* GetForecastForCity.swift in Sources */,
				E838AF3727465F8E003D6C76 /* UITextField+Extensions.swift in Sources */,
				E8790E3F2746468E00490180 /* SceneDelegate.swift in Sources */,
				E838AF3927466229003D6C76 /* Constants.swift in Sources */,
				611AEAEB5F3FE7BCB8C6B91E /* APIRequest.swift in Sources */,
				611AE1B80450E8377C214B4D /* HTTPMethod.swift in Sources */,
				611AEA069D8BCA7786F5614D /* APIClient.swift in Sources */,
				611AE4D99A79918C9B89E085 /* Request.swift in Sources */,
				611AE8F2EE88D4B6B5F4BDA5 /* GetForecastForLocation.swift in Sources */,
				611AE17D9D476B19CF54076E /* WeatherService.swift in Sources */,
				611AE62479953C82763E09A3 /* WeatherData.swift in Sources */,
				611AE123AF8736A1A5E10A3C /* WeatherModel.swift in Sources */,
			);
			runOnlyForDeploymentPostprocessing = 0;
		};
/* End PBXSourcesBuildPhase section */

/* Begin PBXVariantGroup section */
		E8790E422746468E00490180 /* Main.storyboard */ = {
			isa = PBXVariantGroup;
			children = (
				E8790E432746468E00490180 /* Base */,
			);
			name = Main.storyboard;
			sourceTree = "<group>";
		};
		E8790E472746468F00490180 /* LaunchScreen.storyboard */ = {
			isa = PBXVariantGroup;
			children = (
				E8790E482746468F00490180 /* Base */,
			);
			name = LaunchScreen.storyboard;
			sourceTree = "<group>";
		};
/* End PBXVariantGroup section */

/* Begin XCBuildConfiguration section */
		E8790E4B2746468F00490180 /* Debug */ = {
			isa = XCBuildConfiguration;
			buildSettings = {
				ALWAYS_SEARCH_USER_PATHS = NO;
				CLANG_ANALYZER_NONNULL = YES;
				CLANG_ANALYZER_NUMBER_OBJECT_CONVERSION = YES_AGGRESSIVE;
				CLANG_CXX_LANGUAGE_STANDARD = "gnu++17";
				CLANG_CXX_LIBRARY = "libc++";
				CLANG_ENABLE_MODULES = YES;
				CLANG_ENABLE_OBJC_ARC = YES;
				CLANG_ENABLE_OBJC_WEAK = YES;
				CLANG_WARN_BLOCK_CAPTURE_AUTORELEASING = YES;
				CLANG_WARN_BOOL_CONVERSION = YES;
				CLANG_WARN_COMMA = YES;
				CLANG_WARN_CONSTANT_CONVERSION = YES;
				CLANG_WARN_DEPRECATED_OBJC_IMPLEMENTATIONS = YES;
				CLANG_WARN_DIRECT_OBJC_ISA_USAGE = YES_ERROR;
				CLANG_WARN_DOCUMENTATION_COMMENTS = YES;
				CLANG_WARN_EMPTY_BODY = YES;
				CLANG_WARN_ENUM_CONVERSION = YES;
				CLANG_WARN_INFINITE_RECURSION = YES;
				CLANG_WARN_INT_CONVERSION = YES;
				CLANG_WARN_NON_LITERAL_NULL_CONVERSION = YES;
				CLANG_WARN_OBJC_IMPLICIT_RETAIN_SELF = YES;
				CLANG_WARN_OBJC_LITERAL_CONVERSION = YES;
				CLANG_WARN_OBJC_ROOT_CLASS = YES_ERROR;
				CLANG_WARN_QUOTED_INCLUDE_IN_FRAMEWORK_HEADER = YES;
				CLANG_WARN_RANGE_LOOP_ANALYSIS = YES;
				CLANG_WARN_STRICT_PROTOTYPES = YES;
				CLANG_WARN_SUSPICIOUS_MOVE = YES;
				CLANG_WARN_UNGUARDED_AVAILABILITY = YES_AGGRESSIVE;
				CLANG_WARN_UNREACHABLE_CODE = YES;
				CLANG_WARN__DUPLICATE_METHOD_MATCH = YES;
				COPY_PHASE_STRIP = NO;
				DEBUG_INFORMATION_FORMAT = dwarf;
				ENABLE_STRICT_OBJC_MSGSEND = YES;
				ENABLE_TESTABILITY = YES;
				GCC_C_LANGUAGE_STANDARD = gnu11;
				GCC_DYNAMIC_NO_PIC = NO;
				GCC_NO_COMMON_BLOCKS = YES;
				GCC_OPTIMIZATION_LEVEL = 0;
				GCC_PREPROCESSOR_DEFINITIONS = (
					"DEBUG=1",
					"$(inherited)",
				);
				GCC_WARN_64_TO_32_BIT_CONVERSION = YES;
				GCC_WARN_ABOUT_RETURN_TYPE = YES_ERROR;
				GCC_WARN_UNDECLARED_SELECTOR = YES;
				GCC_WARN_UNINITIALIZED_AUTOS = YES_AGGRESSIVE;
				GCC_WARN_UNUSED_FUNCTION = YES;
				GCC_WARN_UNUSED_VARIABLE = YES;
				IPHONEOS_DEPLOYMENT_TARGET = 15.0;
				MTL_ENABLE_DEBUG_INFO = INCLUDE_SOURCE;
				MTL_FAST_MATH = YES;
				ONLY_ACTIVE_ARCH = YES;
				SDKROOT = iphoneos;
				SWIFT_ACTIVE_COMPILATION_CONDITIONS = DEBUG;
				SWIFT_OPTIMIZATION_LEVEL = "-Onone";
			};
			name = Debug;
		};
		E8790E4C2746468F00490180 /* Release */ = {
			isa = XCBuildConfiguration;
			buildSettings = {
				ALWAYS_SEARCH_USER_PATHS = NO;
				CLANG_ANALYZER_NONNULL = YES;
				CLANG_ANALYZER_NUMBER_OBJECT_CONVERSION = YES_AGGRESSIVE;
				CLANG_CXX_LANGUAGE_STANDARD = "gnu++17";
				CLANG_CXX_LIBRARY = "libc++";
				CLANG_ENABLE_MODULES = YES;
				CLANG_ENABLE_OBJC_ARC = YES;
				CLANG_ENABLE_OBJC_WEAK = YES;
				CLANG_WARN_BLOCK_CAPTURE_AUTORELEASING = YES;
				CLANG_WARN_BOOL_CONVERSION = YES;
				CLANG_WARN_COMMA = YES;
				CLANG_WARN_CONSTANT_CONVERSION = YES;
				CLANG_WARN_DEPRECATED_OBJC_IMPLEMENTATIONS = YES;
				CLANG_WARN_DIRECT_OBJC_ISA_USAGE = YES_ERROR;
				CLANG_WARN_DOCUMENTATION_COMMENTS = YES;
				CLANG_WARN_EMPTY_BODY = YES;
				CLANG_WARN_ENUM_CONVERSION = YES;
				CLANG_WARN_INFINITE_RECURSION = YES;
				CLANG_WARN_INT_CONVERSION = YES;
				CLANG_WARN_NON_LITERAL_NULL_CONVERSION = YES;
				CLANG_WARN_OBJC_IMPLICIT_RETAIN_SELF = YES;
				CLANG_WARN_OBJC_LITERAL_CONVERSION = YES;
				CLANG_WARN_OBJC_ROOT_CLASS = YES_ERROR;
				CLANG_WARN_QUOTED_INCLUDE_IN_FRAMEWORK_HEADER = YES;
				CLANG_WARN_RANGE_LOOP_ANALYSIS = YES;
				CLANG_WARN_STRICT_PROTOTYPES = YES;
				CLANG_WARN_SUSPICIOUS_MOVE = YES;
				CLANG_WARN_UNGUARDED_AVAILABILITY = YES_AGGRESSIVE;
				CLANG_WARN_UNREACHABLE_CODE = YES;
				CLANG_WARN__DUPLICATE_METHOD_MATCH = YES;
				COPY_PHASE_STRIP = NO;
				DEBUG_INFORMATION_FORMAT = "dwarf-with-dsym";
				ENABLE_NS_ASSERTIONS = NO;
				ENABLE_STRICT_OBJC_MSGSEND = YES;
				GCC_C_LANGUAGE_STANDARD = gnu11;
				GCC_NO_COMMON_BLOCKS = YES;
				GCC_WARN_64_TO_32_BIT_CONVERSION = YES;
				GCC_WARN_ABOUT_RETURN_TYPE = YES_ERROR;
				GCC_WARN_UNDECLARED_SELECTOR = YES;
				GCC_WARN_UNINITIALIZED_AUTOS = YES_AGGRESSIVE;
				GCC_WARN_UNUSED_FUNCTION = YES;
				GCC_WARN_UNUSED_VARIABLE = YES;
				IPHONEOS_DEPLOYMENT_TARGET = 15.0;
				MTL_ENABLE_DEBUG_INFO = NO;
				MTL_FAST_MATH = YES;
				SDKROOT = iphoneos;
				SWIFT_COMPILATION_MODE = wholemodule;
				SWIFT_OPTIMIZATION_LEVEL = "-O";
				VALIDATE_PRODUCT = YES;
			};
			name = Release;
		};
		E8790E4E2746468F00490180 /* Debug */ = {
			isa = XCBuildConfiguration;
			buildSettings = {
				ASSETCATALOG_COMPILER_APPICON_NAME = AppIcon;
				ASSETCATALOG_COMPILER_GLOBAL_ACCENT_COLOR_NAME = AccentColor;
				CODE_SIGN_STYLE = Automatic;
				CURRENT_PROJECT_VERSION = 1;
				GENERATE_INFOPLIST_FILE = YES;
				INFOPLIST_FILE = Source/Info.plist;
				INFOPLIST_KEY_UIApplicationSupportsIndirectInputEvents = YES;
				INFOPLIST_KEY_UILaunchStoryboardName = LaunchScreen;
				INFOPLIST_KEY_UIMainStoryboardFile = Main;
				INFOPLIST_KEY_UISupportedInterfaceOrientations = UIInterfaceOrientationPortrait;
				INFOPLIST_KEY_UISupportedInterfaceOrientations_iPad = "UIInterfaceOrientationPortrait UIInterfaceOrientationPortraitUpsideDown UIInterfaceOrientationLandscapeLeft UIInterfaceOrientationLandscapeRight";
				INFOPLIST_KEY_UISupportedInterfaceOrientations_iPhone = "UIInterfaceOrientationPortrait UIInterfaceOrientationLandscapeLeft UIInterfaceOrientationLandscapeRight";
				LD_RUNPATH_SEARCH_PATHS = (
					"$(inherited)",
					"@executable_path/Frameworks",
				);
				MARKETING_VERSION = 1.0;
				PRODUCT_BUNDLE_IDENTIFIER = dev.automata.MinimalWeather;
				PRODUCT_NAME = "$(TARGET_NAME)";
				SWIFT_EMIT_LOC_STRINGS = YES;
				SWIFT_VERSION = 5.0;
				TARGETED_DEVICE_FAMILY = "1,2";
			};
			name = Debug;
		};
		E8790E4F2746468F00490180 /* Release */ = {
			isa = XCBuildConfiguration;
			buildSettings = {
				ASSETCATALOG_COMPILER_APPICON_NAME = AppIcon;
				ASSETCATALOG_COMPILER_GLOBAL_ACCENT_COLOR_NAME = AccentColor;
				CODE_SIGN_STYLE = Automatic;
				CURRENT_PROJECT_VERSION = 1;
				GENERATE_INFOPLIST_FILE = YES;
				INFOPLIST_FILE = Source/Info.plist;
				INFOPLIST_KEY_UIApplicationSupportsIndirectInputEvents = YES;
				INFOPLIST_KEY_UILaunchStoryboardName = LaunchScreen;
				INFOPLIST_KEY_UIMainStoryboardFile = Main;
				INFOPLIST_KEY_UISupportedInterfaceOrientations = UIInterfaceOrientationPortrait;
				INFOPLIST_KEY_UISupportedInterfaceOrientations_iPad = "UIInterfaceOrientationPortrait UIInterfaceOrientationPortraitUpsideDown UIInterfaceOrientationLandscapeLeft UIInterfaceOrientationLandscapeRight";
				INFOPLIST_KEY_UISupportedInterfaceOrientations_iPhone = "UIInterfaceOrientationPortrait UIInterfaceOrientationLandscapeLeft UIInterfaceOrientationLandscapeRight";
				LD_RUNPATH_SEARCH_PATHS = (
					"$(inherited)",
					"@executable_path/Frameworks",
				);
				MARKETING_VERSION = 1.0;
				PRODUCT_BUNDLE_IDENTIFIER = dev.automata.MinimalWeather;
				PRODUCT_NAME = "$(TARGET_NAME)";
				SWIFT_EMIT_LOC_STRINGS = YES;
				SWIFT_VERSION = 5.0;
				TARGETED_DEVICE_FAMILY = "1,2";
			};
			name = Release;
		};
/* End XCBuildConfiguration section */

/* Begin XCConfigurationList section */
		E8790E342746468E00490180 /* Build configuration list for PBXProject "MinimalWeather" */ = {
			isa = XCConfigurationList;
			buildConfigurations = (
				E8790E4B2746468F00490180 /* Debug */,
				E8790E4C2746468F00490180 /* Release */,
			);
			defaultConfigurationIsVisible = 0;
			defaultConfigurationName = Release;
		};
		E8790E4D2746468F00490180 /* Build configuration list for PBXNativeTarget "MinimalWeather" */ = {
			isa = XCConfigurationList;
			buildConfigurations = (
				E8790E4E2746468F00490180 /* Debug */,
				E8790E4F2746468F00490180 /* Release */,
			);
			defaultConfigurationIsVisible = 0;
			defaultConfigurationName = Release;
		};
/* End XCConfigurationList section */
	};
	rootObject = E8790E312746468E00490180 /* Project object */;
}
